
Microsoft Visual Studio Solution File, Format Version 12.00
# Visual Studio 2017
Project("{FAE04EC0-301F-11D3-BF4B-00C04F79EFBC}") = "The Great Game of Britain", "The Great Game of Britain.csproj", "{070A1615-B82F-B808-5003-61AB38EF9FED}"
EndProject
Project("{FAE04EC0-301F-11D3-BF4B-00C04F79EFBC}") = "The Great Game of Britain.Editor", "The Great Game of Britain.Editor.csproj", "{F97716A9-2BF2-8893-A1D7-07F652BFD557}"
EndProject
Global
	GlobalSection(SolutionConfigurationPlatforms) = preSolution
		Debug|Any CPU = Debug|Any CPU
		Release|Any CPU = Release|Any CPU
	EndGlobalSection
	GlobalSection(ProjectConfigurationPlatforms) = postSolution
		{070A1615-B82F-B808-5003-61AB38EF9FED}.Debug|Any CPU.ActiveCfg = Debug|Any CPU
		{070A1615-B82F-B808-5003-61AB38EF9FED}.Debug|Any CPU.Build.0 = Debug|Any CPU
		{070A1615-B82F-B808-5003-61AB38EF9FED}.Release|Any CPU.ActiveCfg = Release|Any CPU
		{070A1615-B82F-B808-5003-61AB38EF9FED}.Release|Any CPU.Build.0 = Release|Any CPU
		{F97716A9-2BF2-8893-A1D7-07F652BFD557}.Debug|Any CPU.ActiveCfg = Debug|Any CPU
		{F97716A9-2BF2-8893-A1D7-07F652BFD557}.Debug|Any CPU.Build.0 = Debug|Any CPU
		{F97716A9-2BF2-8893-A1D7-07F652BFD557}.Release|Any CPU.ActiveCfg = Release|Any CPU
		{F97716A9-2BF2-8893-A1D7-07F652BFD557}.Release|Any CPU.Build.0 = Release|Any CPU
	EndGlobalSection
	GlobalSection(SolutionProperties) = preSolution
		HideSolutionNode = FALSE
	EndGlobalSection
EndGlobal
